
Microsoft Visual Studio Solution File, Format Version 12.00
# Visual Studio Version 17
VisualStudioVersion = 17.7.34024.191
MinimumVisualStudioVersion = 10.0.40219.1
Project("{FAE04EC0-301F-11D3-BF4B-00C04F79EFBC}") = "WinForms_OPLabs", "WinForms_OPLabs\WinForms_OPLabs.csproj", "{2292971D-AC83-4C44-A4D4-440CDB0253EC}"
EndProject
Project("{FAE04EC0-301F-11D3-BF4B-00C04F79EFBC}") = "ClassLibrary_OPLabs", "ClassLibrary_OPLabs\ClassLibrary_OPLabs.csproj", "{D13836E4-CE20-4497-875A-A4910800CC2D}"
EndProject
Global
	GlobalSection(SolutionConfigurationPlatforms) = preSolution
		Debug|Any CPU = Debug|Any CPU
		Release|Any CPU = Release|Any CPU
	EndGlobalSection
	GlobalSection(ProjectConfigurationPlatforms) = postSolution
		{2292971D-AC83-4C44-A4D4-440CDB0253EC}.Debug|Any CPU.ActiveCfg = Debug|Any CPU
		{2292971D-AC83-4C44-A4D4-440CDB0253EC}.Debug|Any CPU.Build.0 = Debug|Any CPU
		{2292971D-AC83-4C44-A4D4-440CDB0253EC}.Release|Any CPU.ActiveCfg = Release|Any CPU
		{2292971D-AC83-4C44-A4D4-440CDB0253EC}.Release|Any CPU.Build.0 = Release|Any CPU
		{D13836E4-CE20-4497-875A-A4910800CC2D}.Debug|Any CPU.ActiveCfg = Debug|Any CPU
		{D13836E4-CE20-4497-875A-A4910800CC2D}.Debug|Any CPU.Build.0 = Debug|Any CPU
		{D13836E4-CE20-4497-875A-A4910800CC2D}.Release|Any CPU.ActiveCfg = Release|Any CPU
		{D13836E4-CE20-4497-875A-A4910800CC2D}.Release|Any CPU.Build.0 = Release|Any CPU
	EndGlobalSection
	GlobalSection(SolutionProperties) = preSolution
		HideSolutionNode = FALSE
	EndGlobalSection
	GlobalSection(ExtensibilityGlobals) = postSolution
		SolutionGuid = {ED7CD5A0-0E60-4A2E-AC88-348DC2E8F888}
	EndGlobalSection
EndGlobal
